
Microsoft Visual Studio Solution File, Format Version 12.00
# Visual Studio Version 16
VisualStudioVersion = 16.0.31205.134
MinimumVisualStudioVersion = 10.0.40219.1
Project("{9A19103F-16F7-4668-BE54-9A1E7A4F7556}") = "WordCounter", "WordCounter\WordCounter.csproj", "{713A33B1-95C2-4641-8177-1E1BBE40D770}"
EndProject
Project("{FAE04EC0-301F-11D3-BF4B-00C04F79EFBC}") = "WordCounter.Tests", "WordCounter.Tests\WordCounter.Tests.csproj", "{BFCA810D-CA5D-48A4-84CA-7D7213BE9826}"
EndProject
Global
	GlobalSection(SolutionConfigurationPlatforms) = preSolution
		Debug|Any CPU = Debug|Any CPU
		Release|Any CPU = Release|Any CPU
	EndGlobalSection
	GlobalSection(ProjectConfigurationPlatforms) = postSolution
		{713A33B1-95C2-4641-8177-1E1BBE40D770}.Debug|Any CPU.ActiveCfg = Debug|Any CPU
		{713A33B1-95C2-4641-8177-1E1BBE40D770}.Debug|Any CPU.Build.0 = Debug|Any CPU
		{713A33B1-95C2-4641-8177-1E1BBE40D770}.Release|Any CPU.ActiveCfg = Release|Any CPU
		{713A33B1-95C2-4641-8177-1E1BBE40D770}.Release|Any CPU.Build.0 = Release|Any CPU
		{BFCA810D-CA5D-48A4-84CA-7D7213BE9826}.Debug|Any CPU.ActiveCfg = Debug|Any CPU
		{BFCA810D-CA5D-48A4-84CA-7D7213BE9826}.Debug|Any CPU.Build.0 = Debug|Any CPU
		{BFCA810D-CA5D-48A4-84CA-7D7213BE9826}.Release|Any CPU.ActiveCfg = Release|Any CPU
		{BFCA810D-CA5D-48A4-84CA-7D7213BE9826}.Release|Any CPU.Build.0 = Release|Any CPU
	EndGlobalSection
	GlobalSection(SolutionProperties) = preSolution
		HideSolutionNode = FALSE
	EndGlobalSection
	GlobalSection(ExtensibilityGlobals) = postSolution
		SolutionGuid = {C18EA6D7-93F0-49CE-A804-0DE3FEFA0744}
	EndGlobalSection
EndGlobal
